// !$*UTF8*$!
{
	archiveVersion = 1;
	classes = {
	};
	objectVersion = 51;
	objects = {

/* Begin PBXBuildFile section */
		CEBA9158DD03DDE5A717B094 /* Pods_Otaku_ios.framework in Frameworks */ = {isa = PBXBuildFile; fileRef = 0F488F87D81FCAFB22B57211 /* Pods_Otaku_ios.framework */; };
		EC1DBABF23D7024C00143233 /* AppDelegate.swift in Sources */ = {isa = PBXBuildFile; fileRef = EC1DBABE23D7024C00143233 /* AppDelegate.swift */; };
		EC1DBAC123D7024C00143233 /* SceneDelegate.swift in Sources */ = {isa = PBXBuildFile; fileRef = EC1DBAC023D7024C00143233 /* SceneDelegate.swift */; };
		EC1DBAC323D7024C00143233 /* ViewController.swift in Sources */ = {isa = PBXBuildFile; fileRef = EC1DBAC223D7024C00143233 /* ViewController.swift */; };
		EC1DBAC623D7024C00143233 /* Main.storyboard in Resources */ = {isa = PBXBuildFile; fileRef = EC1DBAC423D7024C00143233 /* Main.storyboard */; };
		EC1DBAC823D7025300143233 /* Assets.xcassets in Resources */ = {isa = PBXBuildFile; fileRef = EC1DBAC723D7025300143233 /* Assets.xcassets */; };
		EC1DBACB23D7025300143233 /* LaunchScreen.storyboard in Resources */ = {isa = PBXBuildFile; fileRef = EC1DBAC923D7025300143233 /* LaunchScreen.storyboard */; };
		EC8AD6D623D7157D00B5CF71 /* FilmDataResponse.swift in Sources */ = {isa = PBXBuildFile; fileRef = EC8AD6D523D7157D00B5CF71 /* FilmDataResponse.swift */; };
		ECC9657323D7287D00BEB3D7 /* ListFilmTableViewCell.swift in Sources */ = {isa = PBXBuildFile; fileRef = ECC9657223D7287D00BEB3D7 /* ListFilmTableViewCell.swift */; };
/* End PBXBuildFile section */

/* Begin PBXFileReference section */
		0F488F87D81FCAFB22B57211 /* Pods_Otaku_ios.framework */ = {isa = PBXFileReference; explicitFileType = wrapper.framework; includeInIndex = 0; path = Pods_Otaku_ios.framework; sourceTree = BUILT_PRODUCTS_DIR; };
		1091ECCDCB038C88E4708B7B /* Pods-Otaku-ios.debug.xcconfig */ = {isa = PBXFileReference; includeInIndex = 1; lastKnownFileType = text.xcconfig; name = "Pods-Otaku-ios.debug.xcconfig"; path = "Target Support Files/Pods-Otaku-ios/Pods-Otaku-ios.debug.xcconfig"; sourceTree = "<group>"; };
		DFA4B4F21E7C85C4454FC23E /* Pods-Otaku-ios.release.xcconfig */ = {isa = PBXFileReference; includeInIndex = 1; lastKnownFileType = text.xcconfig; name = "Pods-Otaku-ios.release.xcconfig"; path = "Target Support Files/Pods-Otaku-ios/Pods-Otaku-ios.release.xcconfig"; sourceTree = "<group>"; };
		EC1DBABB23D7024C00143233 /* Otaku-ios.app */ = {isa = PBXFileReference; explicitFileType = wrapper.application; includeInIndex = 0; path = "Otaku-ios.app"; sourceTree = BUILT_PRODUCTS_DIR; };
		EC1DBABE23D7024C00143233 /* AppDelegate.swift */ = {isa = PBXFileReference; lastKnownFileType = sourcecode.swift; path = AppDelegate.swift; sourceTree = "<group>"; };
		EC1DBAC023D7024C00143233 /* SceneDelegate.swift */ = {isa = PBXFileReference; lastKnownFileType = sourcecode.swift; path = SceneDelegate.swift; sourceTree = "<group>"; };
		EC1DBAC223D7024C00143233 /* ViewController.swift */ = {isa = PBXFileReference; lastKnownFileType = sourcecode.swift; path = ViewController.swift; sourceTree = "<group>"; };
		EC1DBAC523D7024C00143233 /* Base */ = {isa = PBXFileReference; lastKnownFileType = file.storyboard; name = Base; path = Base.lproj/Main.storyboard; sourceTree = "<group>"; };
		EC1DBAC723D7025300143233 /* Assets.xcassets */ = {isa = PBXFileReference; lastKnownFileType = folder.assetcatalog; path = Assets.xcassets; sourceTree = "<group>"; };
		EC1DBACA23D7025300143233 /* Base */ = {isa = PBXFileReference; lastKnownFileType = file.storyboard; name = Base; path = Base.lproj/LaunchScreen.storyboard; sourceTree = "<group>"; };
		EC1DBACC23D7025300143233 /* Info.plist */ = {isa = PBXFileReference; lastKnownFileType = text.plist.xml; path = Info.plist; sourceTree = "<group>"; };
		EC8AD6D523D7157D00B5CF71 /* FilmDataResponse.swift */ = {isa = PBXFileReference; lastKnownFileType = sourcecode.swift; path = FilmDataResponse.swift; sourceTree = "<group>"; };
		ECC9657223D7287D00BEB3D7 /* ListFilmTableViewCell.swift */ = {isa = PBXFileReference; lastKnownFileType = sourcecode.swift; path = ListFilmTableViewCell.swift; sourceTree = "<group>"; };
/* End PBXFileReference section */

/* Begin PBXFrameworksBuildPhase section */
		EC1DBAB823D7024C00143233 /* Frameworks */ = {
			isa = PBXFrameworksBuildPhase;
			buildActionMask = 2147483647;
			files = (
				CEBA9158DD03DDE5A717B094 /* Pods_Otaku_ios.framework in Frameworks */,
			);
			runOnlyForDeploymentPostprocessing = 0;
		};
/* End PBXFrameworksBuildPhase section */

/* Begin PBXGroup section */
		B731951881D2E1244783CC76 /* Frameworks */ = {
			isa = PBXGroup;
			children = (
				0F488F87D81FCAFB22B57211 /* Pods_Otaku_ios.framework */,
			);
			name = Frameworks;
			sourceTree = "<group>";
		};
		EC1DBAB223D7024C00143233 = {
			isa = PBXGroup;
			children = (
				EC1DBABD23D7024C00143233 /* Otaku-ios */,
				EC1DBABC23D7024C00143233 /* Products */,
				F4EFD87289F564EF073728B1 /* Pods */,
				B731951881D2E1244783CC76 /* Frameworks */,
			);
			sourceTree = "<group>";
		};
		EC1DBABC23D7024C00143233 /* Products */ = {
			isa = PBXGroup;
			children = (
				EC1DBABB23D7024C00143233 /* Otaku-ios.app */,
			);
			name = Products;
			sourceTree = "<group>";
		};
		EC1DBABD23D7024C00143233 /* Otaku-ios */ = {
			isa = PBXGroup;
			children = (
				ECC9657423D72D3300BEB3D7 /* layout */,
				EC8AD6D423D7143600B5CF71 /* models */,
				EC1DBABE23D7024C00143233 /* AppDelegate.swift */,
				EC1DBAC023D7024C00143233 /* SceneDelegate.swift */,
				EC1DBAC223D7024C00143233 /* ViewController.swift */,
				EC1DBAC423D7024C00143233 /* Main.storyboard */,
				EC1DBAC723D7025300143233 /* Assets.xcassets */,
				EC1DBAC923D7025300143233 /* LaunchScreen.storyboard */,
				EC1DBACC23D7025300143233 /* Info.plist */,
			);
			path = "Otaku-ios";
			sourceTree = "<group>";
		};
		EC8AD6D423D7143600B5CF71 /* models */ = {
			isa = PBXGroup;
			children = (
				EC8AD6D523D7157D00B5CF71 /* FilmDataResponse.swift */,
			);
			path = models;
			sourceTree = "<group>";
		};
		ECC9657423D72D3300BEB3D7 /* layout */ = {
			isa = PBXGroup;
			children = (
				ECC9657223D7287D00BEB3D7 /* ListFilmTableViewCell.swift */,
			);
			path = layout;
			sourceTree = "<group>";
		};
		F4EFD87289F564EF073728B1 /* Pods */ = {
			isa = PBXGroup;
			children = (
				1091ECCDCB038C88E4708B7B /* Pods-Otaku-ios.debug.xcconfig */,
				DFA4B4F21E7C85C4454FC23E /* Pods-Otaku-ios.release.xcconfig */,
			);
			path = Pods;
			sourceTree = "<group>";
		};
/* End PBXGroup section */

/* Begin PBXNativeTarget section */
		EC1DBABA23D7024C00143233 /* Otaku-ios */ = {
			isa = PBXNativeTarget;
			buildConfigurationList = EC1DBACF23D7025300143233 /* Build configuration list for PBXNativeTarget "Otaku-ios" */;
			buildPhases = (
				505C770695C87393D559E91B /* [CP] Check Pods Manifest.lock */,
				EC1DBAB723D7024C00143233 /* Sources */,
				EC1DBAB823D7024C00143233 /* Frameworks */,
				EC1DBAB923D7024C00143233 /* Resources */,
				E1ABAE99589B638A90D411B8 /* [CP] Embed Pods Frameworks */,
			);
			buildRules = (
			);
			dependencies = (
			);
			name = "Otaku-ios";
			productName = "Otaku-ios";
			productReference = EC1DBABB23D7024C00143233 /* Otaku-ios.app */;
			productType = "com.apple.product-type.application";
		};
/* End PBXNativeTarget section */

/* Begin PBXProject section */
		EC1DBAB323D7024C00143233 /* Project object */ = {
			isa = PBXProject;
			attributes = {
				LastSwiftUpdateCheck = 1130;
				LastUpgradeCheck = 1130;
				ORGANIZATIONNAME = etudiant;
				TargetAttributes = {
					EC1DBABA23D7024C00143233 = {
						CreatedOnToolsVersion = 11.3.1;
					};
				};
			};
			buildConfigurationList = EC1DBAB623D7024C00143233 /* Build configuration list for PBXProject "Otaku-ios" */;
			compatibilityVersion = "Xcode 9.3";
			developmentRegion = en;
			hasScannedForEncodings = 0;
			knownRegions = (
				en,
				Base,
			);
			mainGroup = EC1DBAB223D7024C00143233;
			productRefGroup = EC1DBABC23D7024C00143233 /* Products */;
			projectDirPath = "";
			projectRoot = "";
			targets = (
				EC1DBABA23D7024C00143233 /* Otaku-ios */,
			);
		};
/* End PBXProject section */

/* Begin PBXResourcesBuildPhase section */
		EC1DBAB923D7024C00143233 /* Resources */ = {
			isa = PBXResourcesBuildPhase;
			buildActionMask = 2147483647;
			files = (
				EC1DBACB23D7025300143233 /* LaunchScreen.storyboard in Resources */,
				EC1DBAC823D7025300143233 /* Assets.xcassets in Resources */,
				EC1DBAC623D7024C00143233 /* Main.storyboard in Resources */,
			);
			runOnlyForDeploymentPostprocessing = 0;
		};
/* End PBXResourcesBuildPhase section */

/* Begin PBXShellScriptBuildPhase section */
		505C770695C87393D559E91B /* [CP] Check Pods Manifest.lock */ = {
			isa = PBXShellScriptBuildPhase;
			buildActionMask = 2147483647;
			files = (
			);
			inputFileListPaths = (
			);
			inputPaths = (
				"${PODS_PODFILE_DIR_PATH}/Podfile.lock",
				"${PODS_ROOT}/Manifest.lock",
			);
			name = "[CP] Check Pods Manifest.lock";
			outputFileListPaths = (
			);
			outputPaths = (
				"$(DERIVED_FILE_DIR)/Pods-Otaku-ios-checkManifestLockResult.txt",
			);
			runOnlyForDeploymentPostprocessing = 0;
			shellPath = /bin/sh;
			shellScript = "diff \"${PODS_PODFILE_DIR_PATH}/Podfile.lock\" \"${PODS_ROOT}/Manifest.lock\" > /dev/null\nif [ $? != 0 ] ; then\n    # print error to STDERR\n    echo \"error: The sandbox is not in sync with the Podfile.lock. Run 'pod install' or update your CocoaPods installation.\" >&2\n    exit 1\nfi\n# This output is used by Xcode 'outputs' to avoid re-running this script phase.\necho \"SUCCESS\" > \"${SCRIPT_OUTPUT_FILE_0}\"\n";
			showEnvVarsInLog = 0;
		};
		E1ABAE99589B638A90D411B8 /* [CP] Embed Pods Frameworks */ = {
			isa = PBXShellScriptBuildPhase;
			buildActionMask = 2147483647;
			files = (
			);
			inputFileListPaths = (
				"${PODS_ROOT}/Target Support Files/Pods-Otaku-ios/Pods-Otaku-ios-frameworks-${CONFIGURATION}-input-files.xcfilelist",
			);
			name = "[CP] Embed Pods Frameworks";
			outputFileListPaths = (
				"${PODS_ROOT}/Target Support Files/Pods-Otaku-ios/Pods-Otaku-ios-frameworks-${CONFIGURATION}-output-files.xcfilelist",
			);
			runOnlyForDeploymentPostprocessing = 0;
			shellPath = /bin/sh;
			shellScript = "\"${PODS_ROOT}/Target Support Files/Pods-Otaku-ios/Pods-Otaku-ios-frameworks.sh\"\n";
			showEnvVarsInLog = 0;
		};
/* End PBXShellScriptBuildPhase section */

/* Begin PBXSourcesBuildPhase section */
		EC1DBAB723D7024C00143233 /* Sources */ = {
			isa = PBXSourcesBuildPhase;
			buildActionMask = 2147483647;
			files = (
				EC1DBAC323D7024C00143233 /* ViewController.swift in Sources */,
				EC1DBABF23D7024C00143233 /* AppDelegate.swift in Sources */,
				EC8AD6D623D7157D00B5CF71 /* FilmDataResponse.swift in Sources */,
				EC1DBAC123D7024C00143233 /* SceneDelegate.swift in Sources */,
				ECC9657323D7287D00BEB3D7 /* ListFilmTableViewCell.swift in Sources */,
			);
			runOnlyForDeploymentPostprocessing = 0;
		};
/* End PBXSourcesBuildPhase section */

/* Begin PBXVariantGroup section */
		EC1DBAC423D7024C00143233 /* Main.storyboard */ = {
			isa = PBXVariantGroup;
			children = (
				EC1DBAC523D7024C00143233 /* Base */,
			);
			name = Main.storyboard;
			sourceTree = "<group>";
		};
		EC1DBAC923D7025300143233 /* LaunchScreen.storyboard */ = {
			isa = PBXVariantGroup;
			children = (
				EC1DBACA23D7025300143233 /* Base */,
			);
			name = LaunchScreen.storyboard;
			sourceTree = "<group>";
		};
/* End PBXVariantGroup section */

/* Begin XCBuildConfiguration section */
		EC1DBACD23D7025300143233 /* Debug */ = {
			isa = XCBuildConfiguration;
			buildSettings = {
				ALWAYS_SEARCH_USER_PATHS = NO;
				CLANG_ANALYZER_NONNULL = YES;
				CLANG_ANALYZER_NUMBER_OBJECT_CONVERSION = YES_AGGRESSIVE;
				CLANG_CXX_LANGUAGE_STANDARD = "gnu++14";
				CLANG_CXX_LIBRARY = "libc++";
				CLANG_ENABLE_MODULES = YES;
				CLANG_ENABLE_OBJC_ARC = YES;
				CLANG_ENABLE_OBJC_WEAK = YES;
				CLANG_WARN_BLOCK_CAPTURE_AUTORELEASING = YES;
				CLANG_WARN_BOOL_CONVERSION = YES;
				CLANG_WARN_COMMA = YES;
				CLANG_WARN_CONSTANT_CONVERSION = YES;
				CLANG_WARN_DEPRECATED_OBJC_IMPLEMENTATIONS = YES;
				CLANG_WARN_DIRECT_OBJC_ISA_USAGE = YES_ERROR;
				CLANG_WARN_DOCUMENTATION_COMMENTS = YES;
				CLANG_WARN_EMPTY_BODY = YES;
				CLANG_WARN_ENUM_CONVERSION = YES;
				CLANG_WARN_INFINITE_RECURSION = YES;
				CLANG_WARN_INT_CONVERSION = YES;
				CLANG_WARN_NON_LITERAL_NULL_CONVERSION = YES;
				CLANG_WARN_OBJC_IMPLICIT_RETAIN_SELF = YES;
				CLANG_WARN_OBJC_LITERAL_CONVERSION = YES;
				CLANG_WARN_OBJC_ROOT_CLASS = YES_ERROR;
				CLANG_WARN_RANGE_LOOP_ANALYSIS = YES;
				CLANG_WARN_STRICT_PROTOTYPES = YES;
				CLANG_WARN_SUSPICIOUS_MOVE = YES;
				CLANG_WARN_UNGUARDED_AVAILABILITY = YES_AGGRESSIVE;
				CLANG_WARN_UNREACHABLE_CODE = YES;
				CLANG_WARN__DUPLICATE_METHOD_MATCH = YES;
				COPY_PHASE_STRIP = NO;
				DEBUG_INFORMATION_FORMAT = dwarf;
				ENABLE_STRICT_OBJC_MSGSEND = YES;
				ENABLE_TESTABILITY = YES;
				GCC_C_LANGUAGE_STANDARD = gnu11;
				GCC_DYNAMIC_NO_PIC = NO;
				GCC_NO_COMMON_BLOCKS = YES;
				GCC_OPTIMIZATION_LEVEL = 0;
				GCC_PREPROCESSOR_DEFINITIONS = (
					"DEBUG=1",
					"$(inherited)",
				);
				GCC_WARN_64_TO_32_BIT_CONVERSION = YES;
				GCC_WARN_ABOUT_RETURN_TYPE = YES_ERROR;
				GCC_WARN_UNDECLARED_SELECTOR = YES;
				GCC_WARN_UNINITIALIZED_AUTOS = YES_AGGRESSIVE;
				GCC_WARN_UNUSED_FUNCTION = YES;
				GCC_WARN_UNUSED_VARIABLE = YES;
				IPHONEOS_DEPLOYMENT_TARGET = 13.2;
				MTL_ENABLE_DEBUG_INFO = INCLUDE_SOURCE;
				MTL_FAST_MATH = YES;
				ONLY_ACTIVE_ARCH = YES;
				SDKROOT = iphoneos;
				SWIFT_ACTIVE_COMPILATION_CONDITIONS = DEBUG;
				SWIFT_OPTIMIZATION_LEVEL = "-Onone";
			};
			name = Debug;
		};
		EC1DBACE23D7025300143233 /* Release */ = {
			isa = XCBuildConfiguration;
			buildSettings = {
				ALWAYS_SEARCH_USER_PATHS = NO;
				CLANG_ANALYZER_NONNULL = YES;
				CLANG_ANALYZER_NUMBER_OBJECT_CONVERSION = YES_AGGRESSIVE;
				CLANG_CXX_LANGUAGE_STANDARD = "gnu++14";
				CLANG_CXX_LIBRARY = "libc++";
				CLANG_ENABLE_MODULES = YES;
				CLANG_ENABLE_OBJC_ARC = YES;
				CLANG_ENABLE_OBJC_WEAK = YES;
				CLANG_WARN_BLOCK_CAPTURE_AUTORELEASING = YES;
				CLANG_WARN_BOOL_CONVERSION = YES;
				CLANG_WARN_COMMA = YES;
				CLANG_WARN_CONSTANT_CONVERSION = YES;
				CLANG_WARN_DEPRECATED_OBJC_IMPLEMENTATIONS = YES;
				CLANG_WARN_DIRECT_OBJC_ISA_USAGE = YES_ERROR;
				CLANG_WARN_DOCUMENTATION_COMMENTS = YES;
				CLANG_WARN_EMPTY_BODY = YES;
				CLANG_WARN_ENUM_CONVERSION = YES;
				CLANG_WARN_INFINITE_RECURSION = YES;
				CLANG_WARN_INT_CONVERSION = YES;
				CLANG_WARN_NON_LITERAL_NULL_CONVERSION = YES;
				CLANG_WARN_OBJC_IMPLICIT_RETAIN_SELF = YES;
				CLANG_WARN_OBJC_LITERAL_CONVERSION = YES;
				CLANG_WARN_OBJC_ROOT_CLASS = YES_ERROR;
				CLANG_WARN_RANGE_LOOP_ANALYSIS = YES;
				CLANG_WARN_STRICT_PROTOTYPES = YES;
				CLANG_WARN_SUSPICIOUS_MOVE = YES;
				CLANG_WARN_UNGUARDED_AVAILABILITY = YES_AGGRESSIVE;
				CLANG_WARN_UNREACHABLE_CODE = YES;
				CLANG_WARN__DUPLICATE_METHOD_MATCH = YES;
				COPY_PHASE_STRIP = NO;
				DEBUG_INFORMATION_FORMAT = "dwarf-with-dsym";
				ENABLE_NS_ASSERTIONS = NO;
				ENABLE_STRICT_OBJC_MSGSEND = YES;
				GCC_C_LANGUAGE_STANDARD = gnu11;
				GCC_NO_COMMON_BLOCKS = YES;
				GCC_WARN_64_TO_32_BIT_CONVERSION = YES;
				GCC_WARN_ABOUT_RETURN_TYPE = YES_ERROR;
				GCC_WARN_UNDECLARED_SELECTOR = YES;
				GCC_WARN_UNINITIALIZED_AUTOS = YES_AGGRESSIVE;
				GCC_WARN_UNUSED_FUNCTION = YES;
				GCC_WARN_UNUSED_VARIABLE = YES;
				IPHONEOS_DEPLOYMENT_TARGET = 13.2;
				MTL_ENABLE_DEBUG_INFO = NO;
				MTL_FAST_MATH = YES;
				SDKROOT = iphoneos;
				SWIFT_COMPILATION_MODE = wholemodule;
				SWIFT_OPTIMIZATION_LEVEL = "-O";
				VALIDATE_PRODUCT = YES;
			};
			name = Release;
		};
		EC1DBAD023D7025300143233 /* Debug */ = {
			isa = XCBuildConfiguration;
			baseConfigurationReference = 1091ECCDCB038C88E4708B7B /* Pods-Otaku-ios.debug.xcconfig */;
			buildSettings = {
				ASSETCATALOG_COMPILER_APPICON_NAME = AppIcon;
				CODE_SIGN_STYLE = Automatic;
				INFOPLIST_FILE = "Otaku-ios/Info.plist";
				LD_RUNPATH_SEARCH_PATHS = (
					"$(inherited)",
					"@executable_path/Frameworks",
				);
				PRODUCT_BUNDLE_IDENTIFIER = "i.Otaku-ios";
				PRODUCT_NAME = "$(TARGET_NAME)";
				SWIFT_VERSION = 5.0;
				TARGETED_DEVICE_FAMILY = "1,2";
			};
			name = Debug;
		};
		EC1DBAD123D7025300143233 /* Release */ = {
			isa = XCBuildConfiguration;
			baseConfigurationReference = DFA4B4F21E7C85C4454FC23E /* Pods-Otaku-ios.release.xcconfig */;
			buildSettings = {
				ASSETCATALOG_COMPILER_APPICON_NAME = AppIcon;
				CODE_SIGN_STYLE = Automatic;
				INFOPLIST_FILE = "Otaku-ios/Info.plist";
				LD_RUNPATH_SEARCH_PATHS = (
					"$(inherited)",
					"@executable_path/Frameworks",
				);
				PRODUCT_BUNDLE_IDENTIFIER = "i.Otaku-ios";
				PRODUCT_NAME = "$(TARGET_NAME)";
				SWIFT_VERSION = 5.0;
				TARGETED_DEVICE_FAMILY = "1,2";
			};
			name = Release;
		};
/* End XCBuildConfiguration section */

/* Begin XCConfigurationList section */
		EC1DBAB623D7024C00143233 /* Build configuration list for PBXProject "Otaku-ios" */ = {
			isa = XCConfigurationList;
			buildConfigurations = (
				EC1DBACD23D7025300143233 /* Debug */,
				EC1DBACE23D7025300143233 /* Release */,
			);
			defaultConfigurationIsVisible = 0;
			defaultConfigurationName = Release;
		};
		EC1DBACF23D7025300143233 /* Build configuration list for PBXNativeTarget "Otaku-ios" */ = {
			isa = XCConfigurationList;
			buildConfigurations = (
				EC1DBAD023D7025300143233 /* Debug */,
				EC1DBAD123D7025300143233 /* Release */,
			);
			defaultConfigurationIsVisible = 0;
			defaultConfigurationName = Release;
		};
/* End XCConfigurationList section */
	};
	rootObject = EC1DBAB323D7024C00143233 /* Project object */;
}
